
Microsoft Visual Studio Solution File, Format Version 12.00
# Visual Studio Version 17
VisualStudioVersion = 17.10.35013.160
MinimumVisualStudioVersion = 10.0.40219.1
Project("{FAE04EC0-301F-11D3-BF4B-00C04F79EFBC}") = "SignUp", "SignUp\SignUp.csproj", "{A5674412-F734-41C6-A128-4749D50EC6D2}"
EndProject
Project("{FAE04EC0-301F-11D3-BF4B-00C04F79EFBC}") = "DALL", "DALL\DALL.csproj", "{EB1708DD-4E91-4C00-ADC4-130A37A1BED5}"
EndProject
Global
	GlobalSection(SolutionConfigurationPlatforms) = preSolution
		Debug|Any CPU = Debug|Any CPU
		Release|Any CPU = Release|Any CPU
	EndGlobalSection
	GlobalSection(ProjectConfigurationPlatforms) = postSolution
		{A5674412-F734-41C6-A128-4749D50EC6D2}.Debug|Any CPU.ActiveCfg = Debug|Any CPU
		{A5674412-F734-41C6-A128-4749D50EC6D2}.Debug|Any CPU.Build.0 = Debug|Any CPU
		{A5674412-F734-41C6-A128-4749D50EC6D2}.Release|Any CPU.ActiveCfg = Release|Any CPU
		{A5674412-F734-41C6-A128-4749D50EC6D2}.Release|Any CPU.Build.0 = Release|Any CPU
		{EB1708DD-4E91-4C00-ADC4-130A37A1BED5}.Debug|Any CPU.ActiveCfg = Debug|Any CPU
		{EB1708DD-4E91-4C00-ADC4-130A37A1BED5}.Debug|Any CPU.Build.0 = Debug|Any CPU
		{EB1708DD-4E91-4C00-ADC4-130A37A1BED5}.Release|Any CPU.ActiveCfg = Release|Any CPU
		{EB1708DD-4E91-4C00-ADC4-130A37A1BED5}.Release|Any CPU.Build.0 = Release|Any CPU
	EndGlobalSection
	GlobalSection(SolutionProperties) = preSolution
		HideSolutionNode = FALSE
	EndGlobalSection
	GlobalSection(ExtensibilityGlobals) = postSolution
		SolutionGuid = {0E021AC3-4EDC-42C5-B57B-FEE6A107E5DA}
	EndGlobalSection
EndGlobal
